
Microsoft Visual Studio Solution File, Format Version 12.00
# Visual Studio Version 17
VisualStudioVersion = 17.13.35931.197 d17.13
MinimumVisualStudioVersion = 10.0.40219.1
Project("{FAE04EC0-301F-11D3-BF4B-00C04F79EFBC}") = "ZilyaPraktika", "ZilyaPraktika.csproj", "{EB583DE1-12CE-429F-A0E4-757FCCFBF73C}"
EndProject
Global
	GlobalSection(SolutionConfigurationPlatforms) = preSolution
		Debug|Any CPU = Debug|Any CPU
		Release|Any CPU = Release|Any CPU
	EndGlobalSection
	GlobalSection(ProjectConfigurationPlatforms) = postSolution
		{EB583DE1-12CE-429F-A0E4-757FCCFBF73C}.Debug|Any CPU.ActiveCfg = Debug|Any CPU
		{EB583DE1-12CE-429F-A0E4-757FCCFBF73C}.Debug|Any CPU.Build.0 = Debug|Any CPU
		{EB583DE1-12CE-429F-A0E4-757FCCFBF73C}.Release|Any CPU.ActiveCfg = Release|Any CPU
		{EB583DE1-12CE-429F-A0E4-757FCCFBF73C}.Release|Any CPU.Build.0 = Release|Any CPU
	EndGlobalSection
	GlobalSection(SolutionProperties) = preSolution
		HideSolutionNode = FALSE
	EndGlobalSection
	GlobalSection(ExtensibilityGlobals) = postSolution
		SolutionGuid = {BA7A4B81-0DAC-44A5-A1D4-4F1CE9C4F1AB}
	EndGlobalSection
EndGlobal
