
Microsoft Visual Studio Solution File, Format Version 12.00
# Visual Studio Version 17
VisualStudioVersion = 17.13.35931.197 d17.13
MinimumVisualStudioVersion = 10.0.40219.1
Project("{FAE04EC0-301F-11D3-BF4B-00C04F79EFBC}") = "ZilyaPrAva", "ZilyaPrAva.csproj", "{A07D8632-816E-4223-AEB8-EADFECEEC058}"
EndProject
Global
	GlobalSection(SolutionConfigurationPlatforms) = preSolution
		Debug|Any CPU = Debug|Any CPU
		Release|Any CPU = Release|Any CPU
	EndGlobalSection
	GlobalSection(ProjectConfigurationPlatforms) = postSolution
		{A07D8632-816E-4223-AEB8-EADFECEEC058}.Debug|Any CPU.ActiveCfg = Debug|Any CPU
		{A07D8632-816E-4223-AEB8-EADFECEEC058}.Debug|Any CPU.Build.0 = Debug|Any CPU
		{A07D8632-816E-4223-AEB8-EADFECEEC058}.Release|Any CPU.ActiveCfg = Release|Any CPU
		{A07D8632-816E-4223-AEB8-EADFECEEC058}.Release|Any CPU.Build.0 = Release|Any CPU
	EndGlobalSection
	GlobalSection(SolutionProperties) = preSolution
		HideSolutionNode = FALSE
	EndGlobalSection
	GlobalSection(ExtensibilityGlobals) = postSolution
		SolutionGuid = {FFBAB95F-D8F8-4BD7-B2B2-766F8C0345E6}
	EndGlobalSection
EndGlobal
